
Microsoft Visual Studio Solution File, Format Version 12.00
# Visual Studio 2012
Project("{FAE04EC0-301F-11D3-BF4B-00C04F79EFBC}") = "MercadoEnvio", "MercadoEnvio\MercadoEnvio.csproj", "{DC2F8B5F-0A5A-49AA-A29A-D0DEB02B45E0}"
EndProject
Project("{FAE04EC0-301F-11D3-BF4B-00C04F79EFBC}") = "MercadoEnvio.Dal", "MercadoEnvio.Dal\MercadoEnvio.Dal.csproj", "{D8EF3513-749B-41C9-B931-57448E42B3C9}"
EndProject
Project("{2150E333-8FDC-42A3-9474-1A3956D46DE8}") = ".nuget", ".nuget", "{9CC14950-A5AC-4F40-BFC0-C8AC2D8C5807}"
	ProjectSection(SolutionItems) = preProject
		.nuget\NuGet.Config = .nuget\NuGet.Config
		.nuget\NuGet.exe = .nuget\NuGet.exe
		.nuget\NuGet.targets = .nuget\NuGet.targets
	EndProjectSection
EndProject
Project("{FAE04EC0-301F-11D3-BF4B-00C04F79EFBC}") = "MercadoEnvio.Biz", "MercadoEnvio.Biz\MercadoEnvio.Biz.csproj", "{FACE2E88-7AB6-41E7-AD1F-273F3E655B8D}"
EndProject
Project("{FAE04EC0-301F-11D3-BF4B-00C04F79EFBC}") = "MercadoEnvio.Common", "MercadoEnvio.Common\MercadoEnvio.Common.csproj", "{5F01FB4C-E8E1-40D1-8D63-2F4834904774}"
EndProject
Global
	GlobalSection(SolutionConfigurationPlatforms) = preSolution
		Debug|Any CPU = Debug|Any CPU
		Release|Any CPU = Release|Any CPU
	EndGlobalSection
	GlobalSection(ProjectConfigurationPlatforms) = postSolution
		{DC2F8B5F-0A5A-49AA-A29A-D0DEB02B45E0}.Debug|Any CPU.ActiveCfg = Debug|Any CPU
		{DC2F8B5F-0A5A-49AA-A29A-D0DEB02B45E0}.Debug|Any CPU.Build.0 = Debug|Any CPU
		{DC2F8B5F-0A5A-49AA-A29A-D0DEB02B45E0}.Release|Any CPU.ActiveCfg = Release|Any CPU
		{DC2F8B5F-0A5A-49AA-A29A-D0DEB02B45E0}.Release|Any CPU.Build.0 = Release|Any CPU
		{D8EF3513-749B-41C9-B931-57448E42B3C9}.Debug|Any CPU.ActiveCfg = Debug|Any CPU
		{D8EF3513-749B-41C9-B931-57448E42B3C9}.Debug|Any CPU.Build.0 = Debug|Any CPU
		{D8EF3513-749B-41C9-B931-57448E42B3C9}.Release|Any CPU.ActiveCfg = Release|Any CPU
		{D8EF3513-749B-41C9-B931-57448E42B3C9}.Release|Any CPU.Build.0 = Release|Any CPU
		{FACE2E88-7AB6-41E7-AD1F-273F3E655B8D}.Debug|Any CPU.ActiveCfg = Debug|Any CPU
		{FACE2E88-7AB6-41E7-AD1F-273F3E655B8D}.Debug|Any CPU.Build.0 = Debug|Any CPU
		{FACE2E88-7AB6-41E7-AD1F-273F3E655B8D}.Release|Any CPU.ActiveCfg = Release|Any CPU
		{FACE2E88-7AB6-41E7-AD1F-273F3E655B8D}.Release|Any CPU.Build.0 = Release|Any CPU
		{5F01FB4C-E8E1-40D1-8D63-2F4834904774}.Debug|Any CPU.ActiveCfg = Debug|Any CPU
		{5F01FB4C-E8E1-40D1-8D63-2F4834904774}.Debug|Any CPU.Build.0 = Debug|Any CPU
		{5F01FB4C-E8E1-40D1-8D63-2F4834904774}.Release|Any CPU.ActiveCfg = Release|Any CPU
		{5F01FB4C-E8E1-40D1-8D63-2F4834904774}.Release|Any CPU.Build.0 = Release|Any CPU
	EndGlobalSection
	GlobalSection(SolutionProperties) = preSolution
		HideSolutionNode = FALSE
	EndGlobalSection
	GlobalSection(ExtensibilityGlobals) = postSolution
		EnterpriseLibraryConfigurationToolBinariesPath = packages\Unity.2.1.505.2\lib\NET35;packages\Unity.Interception.2.1.505.2\lib\NET35;packages\EnterpriseLibrary.Common.5.0.505.0\lib\NET35;packages\EnterpriseLibrary.Data.5.0.505.0\lib\NET35;packages\EnterpriseLibrary.Logging.5.0.505.1\lib\NET35
		EnterpriseLibraryConfigurationToolBinariesPathV6 = packages\EnterpriseLibrary.Common.6.0.1304.0\lib\NET45;packages\EnterpriseLibrary.Data.6.0.1304.0\lib\NET45;packages\EnterpriseLibrary.Logging.6.0.1304.0\lib\NET45
	EndGlobalSection
EndGlobal
